// !$*UTF8*$!
{
	archiveVersion = 1;
	classes = {
	};
	objectVersion = 56;
	objects = {

/* Begin PBXBuildFile section */
		7E25636329FD4156007512F6 /* BasketVC.swift in Sources */ = {isa = PBXBuildFile; fileRef = 7E25636229FD4156007512F6 /* BasketVC.swift */; };
		7E3ACA0F29FD2433005ACCF5 /* SnapKit in Frameworks */ = {isa = PBXBuildFile; productRef = 7E3ACA0E29FD2433005ACCF5 /* SnapKit */; };
		7E3ACA1129FD396F005ACCF5 /* FirstMenu.swift in Sources */ = {isa = PBXBuildFile; fileRef = 7E3ACA1029FD396F005ACCF5 /* FirstMenu.swift */; };
		7E40357829FA9702005D287D /* CatMenu.swift in Sources */ = {isa = PBXBuildFile; fileRef = 7E40357729FA9702005D287D /* CatMenu.swift */; };
		7E40357A29FA97E5005D287D /* CatMenuCollectionCell.swift in Sources */ = {isa = PBXBuildFile; fileRef = 7E40357929FA97E5005D287D /* CatMenuCollectionCell.swift */; };
		7E40357C29FAA32B005D287D /* DogMenu.swift in Sources */ = {isa = PBXBuildFile; fileRef = 7E40357B29FAA32B005D287D /* DogMenu.swift */; };
		7E4177A82A010315008412F8 /* GoogleService-Info.plist in Resources */ = {isa = PBXBuildFile; fileRef = 7E4177A72A010315008412F8 /* GoogleService-Info.plist */; };
		7E4177AB2A0103C3008412F8 /* FirebaseAnalytics in Frameworks */ = {isa = PBXBuildFile; productRef = 7E4177AA2A0103C3008412F8 /* FirebaseAnalytics */; };
		7E4177AD2A0103C3008412F8 /* FirebaseAuth in Frameworks */ = {isa = PBXBuildFile; productRef = 7E4177AC2A0103C3008412F8 /* FirebaseAuth */; };
		7E4177AF2A0103C3008412F8 /* FirebaseDatabase in Frameworks */ = {isa = PBXBuildFile; productRef = 7E4177AE2A0103C3008412F8 /* FirebaseDatabase */; };
		7E4177B12A0103C3008412F8 /* FirebaseFirestore in Frameworks */ = {isa = PBXBuildFile; productRef = 7E4177B02A0103C3008412F8 /* FirebaseFirestore */; };
		7E4177B32A0103C3008412F8 /* FirebaseStorage in Frameworks */ = {isa = PBXBuildFile; productRef = 7E4177B22A0103C3008412F8 /* FirebaseStorage */; };
		7E4177B52A01043C008412F8 /* FirebaseAnalyticsWithoutAdIdSupport in Frameworks */ = {isa = PBXBuildFile; productRef = 7E4177B42A01043C008412F8 /* FirebaseAnalyticsWithoutAdIdSupport */; };
		7E4177B72A0123D6008412F8 /* AccountVC.swift in Sources */ = {isa = PBXBuildFile; fileRef = 7E4177B62A0123D6008412F8 /* AccountVC.swift */; };
		7E69696829FAA444002F66D7 /* BirdMenu.swift in Sources */ = {isa = PBXBuildFile; fileRef = 7E69696729FAA444002F66D7 /* BirdMenu.swift */; };
		7E69696A29FAA458002F66D7 /* FishMenu.swift in Sources */ = {isa = PBXBuildFile; fileRef = 7E69696929FAA458002F66D7 /* FishMenu.swift */; };
		7E69696C29FAA482002F66D7 /* RodentMenu.swift in Sources */ = {isa = PBXBuildFile; fileRef = 7E69696B29FAA482002F66D7 /* RodentMenu.swift */; };
		7E69696E29FAA491002F66D7 /* ReptileMenu.swift in Sources */ = {isa = PBXBuildFile; fileRef = 7E69696D29FAA491002F66D7 /* ReptileMenu.swift */; };
		7EE2DDCF29F913070008F154 /* AppDelegate.swift in Sources */ = {isa = PBXBuildFile; fileRef = 7EE2DDCE29F913070008F154 /* AppDelegate.swift */; };
		7EE2DDD129F913070008F154 /* SceneDelegate.swift in Sources */ = {isa = PBXBuildFile; fileRef = 7EE2DDD029F913070008F154 /* SceneDelegate.swift */; };
		7EE2DDD329F913070008F154 /* ViewController.swift in Sources */ = {isa = PBXBuildFile; fileRef = 7EE2DDD229F913070008F154 /* ViewController.swift */; };
		7EE2DDD929F913070008F154 /* AtlantisPet.xcdatamodeld in Sources */ = {isa = PBXBuildFile; fileRef = 7EE2DDD729F913070008F154 /* AtlantisPet.xcdatamodeld */; };
		7EE2DDDB29F913090008F154 /* Assets.xcassets in Resources */ = {isa = PBXBuildFile; fileRef = 7EE2DDDA29F913090008F154 /* Assets.xcassets */; };
		7EE2DDDE29F913090008F154 /* LaunchScreen.storyboard in Resources */ = {isa = PBXBuildFile; fileRef = 7EE2DDDC29F913090008F154 /* LaunchScreen.storyboard */; };
		7EE2DDE929F9316E0008F154 /* SecondVC.swift in Sources */ = {isa = PBXBuildFile; fileRef = 7EE2DDE829F9316E0008F154 /* SecondVC.swift */; };
		7EE2DDEB29F93D5F0008F154 /* MyCollectionViewCell.swift in Sources */ = {isa = PBXBuildFile; fileRef = 7EE2DDEA29F93D5F0008F154 /* MyCollectionViewCell.swift */; };
		7EE2DDED29F955930008F154 /* Categories.swift in Sources */ = {isa = PBXBuildFile; fileRef = 7EE2DDEC29F955930008F154 /* Categories.swift */; };
/* End PBXBuildFile section */

/* Begin PBXFileReference section */
		7E25636229FD4156007512F6 /* BasketVC.swift */ = {isa = PBXFileReference; lastKnownFileType = sourcecode.swift; path = BasketVC.swift; sourceTree = "<group>"; };
		7E3ACA1029FD396F005ACCF5 /* FirstMenu.swift */ = {isa = PBXFileReference; lastKnownFileType = sourcecode.swift; path = FirstMenu.swift; sourceTree = "<group>"; };
		7E40357729FA9702005D287D /* CatMenu.swift */ = {isa = PBXFileReference; lastKnownFileType = sourcecode.swift; path = CatMenu.swift; sourceTree = "<group>"; };
		7E40357929FA97E5005D287D /* CatMenuCollectionCell.swift */ = {isa = PBXFileReference; lastKnownFileType = sourcecode.swift; path = CatMenuCollectionCell.swift; sourceTree = "<group>"; };
		7E40357B29FAA32B005D287D /* DogMenu.swift */ = {isa = PBXFileReference; lastKnownFileType = sourcecode.swift; path = DogMenu.swift; sourceTree = "<group>"; };
		7E4177A72A010315008412F8 /* GoogleService-Info.plist */ = {isa = PBXFileReference; fileEncoding = 4; lastKnownFileType = text.plist.xml; path = "GoogleService-Info.plist"; sourceTree = "<group>"; };
		7E4177B62A0123D6008412F8 /* AccountVC.swift */ = {isa = PBXFileReference; lastKnownFileType = sourcecode.swift; path = AccountVC.swift; sourceTree = "<group>"; };
		7E69696729FAA444002F66D7 /* BirdMenu.swift */ = {isa = PBXFileReference; lastKnownFileType = sourcecode.swift; path = BirdMenu.swift; sourceTree = "<group>"; };
		7E69696929FAA458002F66D7 /* FishMenu.swift */ = {isa = PBXFileReference; lastKnownFileType = sourcecode.swift; path = FishMenu.swift; sourceTree = "<group>"; };
		7E69696B29FAA482002F66D7 /* RodentMenu.swift */ = {isa = PBXFileReference; lastKnownFileType = sourcecode.swift; path = RodentMenu.swift; sourceTree = "<group>"; };
		7E69696D29FAA491002F66D7 /* ReptileMenu.swift */ = {isa = PBXFileReference; lastKnownFileType = sourcecode.swift; path = ReptileMenu.swift; sourceTree = "<group>"; };
		7EE2DDCB29F913070008F154 /* AtlantisPet.app */ = {isa = PBXFileReference; explicitFileType = wrapper.application; includeInIndex = 0; path = AtlantisPet.app; sourceTree = BUILT_PRODUCTS_DIR; };
		7EE2DDCE29F913070008F154 /* AppDelegate.swift */ = {isa = PBXFileReference; lastKnownFileType = sourcecode.swift; path = AppDelegate.swift; sourceTree = "<group>"; };
		7EE2DDD029F913070008F154 /* SceneDelegate.swift */ = {isa = PBXFileReference; lastKnownFileType = sourcecode.swift; path = SceneDelegate.swift; sourceTree = "<group>"; };
		7EE2DDD229F913070008F154 /* ViewController.swift */ = {isa = PBXFileReference; lastKnownFileType = sourcecode.swift; path = ViewController.swift; sourceTree = "<group>"; };
		7EE2DDD829F913070008F154 /* AtlantisPet.xcdatamodel */ = {isa = PBXFileReference; lastKnownFileType = wrapper.xcdatamodel; path = AtlantisPet.xcdatamodel; sourceTree = "<group>"; };
		7EE2DDDA29F913090008F154 /* Assets.xcassets */ = {isa = PBXFileReference; lastKnownFileType = folder.assetcatalog; path = Assets.xcassets; sourceTree = "<group>"; };
		7EE2DDDD29F913090008F154 /* Base */ = {isa = PBXFileReference; lastKnownFileType = file.storyboard; name = Base; path = Base.lproj/LaunchScreen.storyboard; sourceTree = "<group>"; };
		7EE2DDDF29F913090008F154 /* Info.plist */ = {isa = PBXFileReference; lastKnownFileType = text.plist.xml; path = Info.plist; sourceTree = "<group>"; };
		7EE2DDE829F9316E0008F154 /* SecondVC.swift */ = {isa = PBXFileReference; lastKnownFileType = sourcecode.swift; path = SecondVC.swift; sourceTree = "<group>"; };
		7EE2DDEA29F93D5F0008F154 /* MyCollectionViewCell.swift */ = {isa = PBXFileReference; lastKnownFileType = sourcecode.swift; path = MyCollectionViewCell.swift; sourceTree = "<group>"; };
		7EE2DDEC29F955930008F154 /* Categories.swift */ = {isa = PBXFileReference; lastKnownFileType = sourcecode.swift; path = Categories.swift; sourceTree = "<group>"; };
/* End PBXFileReference section */

/* Begin PBXFrameworksBuildPhase section */
		7EE2DDC829F913070008F154 /* Frameworks */ = {
			isa = PBXFrameworksBuildPhase;
			buildActionMask = 2147483647;
			files = (
				7E4177AB2A0103C3008412F8 /* FirebaseAnalytics in Frameworks */,
				7E4177AD2A0103C3008412F8 /* FirebaseAuth in Frameworks */,
				7E4177AF2A0103C3008412F8 /* FirebaseDatabase in Frameworks */,
				7E4177B12A0103C3008412F8 /* FirebaseFirestore in Frameworks */,
				7E4177B52A01043C008412F8 /* FirebaseAnalyticsWithoutAdIdSupport in Frameworks */,
				7E3ACA0F29FD2433005ACCF5 /* SnapKit in Frameworks */,
				7E4177B32A0103C3008412F8 /* FirebaseStorage in Frameworks */,
			);
			runOnlyForDeploymentPostprocessing = 0;
		};
/* End PBXFrameworksBuildPhase section */

/* Begin PBXGroup section */
		7E3ACA0D29FD2433005ACCF5 /* Frameworks */ = {
			isa = PBXGroup;
			children = (
			);
			name = Frameworks;
			sourceTree = "<group>";
		};
		7EE2DDC229F913070008F154 = {
			isa = PBXGroup;
			children = (
				7EE2DDCD29F913070008F154 /* AtlantisPet */,
				7EE2DDCC29F913070008F154 /* Products */,
				7E3ACA0D29FD2433005ACCF5 /* Frameworks */,
			);
			sourceTree = "<group>";
		};
		7EE2DDCC29F913070008F154 /* Products */ = {
			isa = PBXGroup;
			children = (
				7EE2DDCB29F913070008F154 /* AtlantisPet.app */,
			);
			name = Products;
			sourceTree = "<group>";
		};
		7EE2DDCD29F913070008F154 /* AtlantisPet */ = {
			isa = PBXGroup;
			children = (
				7EE2DDCE29F913070008F154 /* AppDelegate.swift */,
				7EE2DDD029F913070008F154 /* SceneDelegate.swift */,
				7EE2DDD229F913070008F154 /* ViewController.swift */,
				7E3ACA1029FD396F005ACCF5 /* FirstMenu.swift */,
				7E25636229FD4156007512F6 /* BasketVC.swift */,
				7E4177B62A0123D6008412F8 /* AccountVC.swift */,
				7EE2DDE829F9316E0008F154 /* SecondVC.swift */,
				7E40357729FA9702005D287D /* CatMenu.swift */,
				7E40357B29FAA32B005D287D /* DogMenu.swift */,
				7E69696729FAA444002F66D7 /* BirdMenu.swift */,
				7E69696929FAA458002F66D7 /* FishMenu.swift */,
				7E69696B29FAA482002F66D7 /* RodentMenu.swift */,
				7E69696D29FAA491002F66D7 /* ReptileMenu.swift */,
				7E40357929FA97E5005D287D /* CatMenuCollectionCell.swift */,
				7EE2DDEA29F93D5F0008F154 /* MyCollectionViewCell.swift */,
				7EE2DDEC29F955930008F154 /* Categories.swift */,
				7EE2DDDA29F913090008F154 /* Assets.xcassets */,
				7EE2DDDC29F913090008F154 /* LaunchScreen.storyboard */,
				7EE2DDDF29F913090008F154 /* Info.plist */,
				7EE2DDD729F913070008F154 /* AtlantisPet.xcdatamodeld */,
				7E4177A72A010315008412F8 /* GoogleService-Info.plist */,
			);
			path = AtlantisPet;
			sourceTree = "<group>";
		};
/* End PBXGroup section */

/* Begin PBXNativeTarget section */
		7EE2DDCA29F913070008F154 /* AtlantisPet */ = {
			isa = PBXNativeTarget;
			buildConfigurationList = 7EE2DDE229F913090008F154 /* Build configuration list for PBXNativeTarget "AtlantisPet" */;
			buildPhases = (
				7EE2DDC729F913070008F154 /* Sources */,
				7EE2DDC829F913070008F154 /* Frameworks */,
				7EE2DDC929F913070008F154 /* Resources */,
			);
			buildRules = (
			);
			dependencies = (
			);
			name = AtlantisPet;
			packageProductDependencies = (
				7E3ACA0E29FD2433005ACCF5 /* SnapKit */,
				7E4177AA2A0103C3008412F8 /* FirebaseAnalytics */,
				7E4177AC2A0103C3008412F8 /* FirebaseAuth */,
				7E4177AE2A0103C3008412F8 /* FirebaseDatabase */,
				7E4177B02A0103C3008412F8 /* FirebaseFirestore */,
				7E4177B22A0103C3008412F8 /* FirebaseStorage */,
				7E4177B42A01043C008412F8 /* FirebaseAnalyticsWithoutAdIdSupport */,
			);
			productName = AtlantisPet;
			productReference = 7EE2DDCB29F913070008F154 /* AtlantisPet.app */;
			productType = "com.apple.product-type.application";
		};
/* End PBXNativeTarget section */

/* Begin PBXProject section */
		7EE2DDC329F913070008F154 /* Project object */ = {
			isa = PBXProject;
			attributes = {
				BuildIndependentTargetsInParallel = 1;
				LastSwiftUpdateCheck = 1420;
				LastUpgradeCheck = 1420;
				TargetAttributes = {
					7EE2DDCA29F913070008F154 = {
						CreatedOnToolsVersion = 14.2;
					};
				};
			};
			buildConfigurationList = 7EE2DDC629F913070008F154 /* Build configuration list for PBXProject "AtlantisPet" */;
			compatibilityVersion = "Xcode 14.0";
			developmentRegion = en;
			hasScannedForEncodings = 0;
			knownRegions = (
				en,
				Base,
			);
			mainGroup = 7EE2DDC229F913070008F154;
			packageReferences = (
				7EE2DDE529F914970008F154 /* XCRemoteSwiftPackageReference "SnapKit" */,
				7E4177A92A0103C3008412F8 /* XCRemoteSwiftPackageReference "firebase-ios-sdk" */,
			);
			productRefGroup = 7EE2DDCC29F913070008F154 /* Products */;
			projectDirPath = "";
			projectRoot = "";
			targets = (
				7EE2DDCA29F913070008F154 /* AtlantisPet */,
			);
		};
/* End PBXProject section */

/* Begin PBXResourcesBuildPhase section */
		7EE2DDC929F913070008F154 /* Resources */ = {
			isa = PBXResourcesBuildPhase;
			buildActionMask = 2147483647;
			files = (
				7EE2DDDE29F913090008F154 /* LaunchScreen.storyboard in Resources */,
				7EE2DDDB29F913090008F154 /* Assets.xcassets in Resources */,
				7E4177A82A010315008412F8 /* GoogleService-Info.plist in Resources */,
			);
			runOnlyForDeploymentPostprocessing = 0;
		};
/* End PBXResourcesBuildPhase section */

/* Begin PBXSourcesBuildPhase section */
		7EE2DDC729F913070008F154 /* Sources */ = {
			isa = PBXSourcesBuildPhase;
			buildActionMask = 2147483647;
			files = (
				7EE2DDD329F913070008F154 /* ViewController.swift in Sources */,
				7E40357C29FAA32B005D287D /* DogMenu.swift in Sources */,
				7E69696E29FAA491002F66D7 /* ReptileMenu.swift in Sources */,
				7EE2DDED29F955930008F154 /* Categories.swift in Sources */,
				7EE2DDE929F9316E0008F154 /* SecondVC.swift in Sources */,
				7E69696A29FAA458002F66D7 /* FishMenu.swift in Sources */,
				7E3ACA1129FD396F005ACCF5 /* FirstMenu.swift in Sources */,
				7E69696C29FAA482002F66D7 /* RodentMenu.swift in Sources */,
				7EE2DDEB29F93D5F0008F154 /* MyCollectionViewCell.swift in Sources */,
				7EE2DDD929F913070008F154 /* AtlantisPet.xcdatamodeld in Sources */,
				7E40357829FA9702005D287D /* CatMenu.swift in Sources */,
				7E69696829FAA444002F66D7 /* BirdMenu.swift in Sources */,
				7E25636329FD4156007512F6 /* BasketVC.swift in Sources */,
				7EE2DDCF29F913070008F154 /* AppDelegate.swift in Sources */,
				7E40357A29FA97E5005D287D /* CatMenuCollectionCell.swift in Sources */,
				7E4177B72A0123D6008412F8 /* AccountVC.swift in Sources */,
				7EE2DDD129F913070008F154 /* SceneDelegate.swift in Sources */,
			);
			runOnlyForDeploymentPostprocessing = 0;
		};
/* End PBXSourcesBuildPhase section */

/* Begin PBXVariantGroup section */
		7EE2DDDC29F913090008F154 /* LaunchScreen.storyboard */ = {
			isa = PBXVariantGroup;
			children = (
				7EE2DDDD29F913090008F154 /* Base */,
			);
			name = LaunchScreen.storyboard;
			sourceTree = "<group>";
		};
/* End PBXVariantGroup section */

/* Begin XCBuildConfiguration section */
		7EE2DDE029F913090008F154 /* Debug */ = {
			isa = XCBuildConfiguration;
			buildSettings = {
				ALWAYS_SEARCH_USER_PATHS = NO;
				CLANG_ANALYZER_NONNULL = YES;
				CLANG_ANALYZER_NUMBER_OBJECT_CONVERSION = YES_AGGRESSIVE;
				CLANG_CXX_LANGUAGE_STANDARD = "gnu++20";
				CLANG_ENABLE_MODULES = YES;
				CLANG_ENABLE_OBJC_ARC = YES;
				CLANG_ENABLE_OBJC_WEAK = YES;
				CLANG_WARN_BLOCK_CAPTURE_AUTORELEASING = YES;
				CLANG_WARN_BOOL_CONVERSION = YES;
				CLANG_WARN_COMMA = YES;
				CLANG_WARN_CONSTANT_CONVERSION = YES;
				CLANG_WARN_DEPRECATED_OBJC_IMPLEMENTATIONS = YES;
				CLANG_WARN_DIRECT_OBJC_ISA_USAGE = YES_ERROR;
				CLANG_WARN_DOCUMENTATION_COMMENTS = YES;
				CLANG_WARN_EMPTY_BODY = YES;
				CLANG_WARN_ENUM_CONVERSION = YES;
				CLANG_WARN_INFINITE_RECURSION = YES;
				CLANG_WARN_INT_CONVERSION = YES;
				CLANG_WARN_NON_LITERAL_NULL_CONVERSION = YES;
				CLANG_WARN_OBJC_IMPLICIT_RETAIN_SELF = YES;
				CLANG_WARN_OBJC_LITERAL_CONVERSION = YES;
				CLANG_WARN_OBJC_ROOT_CLASS = YES_ERROR;
				CLANG_WARN_QUOTED_INCLUDE_IN_FRAMEWORK_HEADER = YES;
				CLANG_WARN_RANGE_LOOP_ANALYSIS = YES;
				CLANG_WARN_STRICT_PROTOTYPES = YES;
				CLANG_WARN_SUSPICIOUS_MOVE = YES;
				CLANG_WARN_UNGUARDED_AVAILABILITY = YES_AGGRESSIVE;
				CLANG_WARN_UNREACHABLE_CODE = YES;
				CLANG_WARN__DUPLICATE_METHOD_MATCH = YES;
				COPY_PHASE_STRIP = NO;
				DEBUG_INFORMATION_FORMAT = dwarf;
				ENABLE_STRICT_OBJC_MSGSEND = YES;
				ENABLE_TESTABILITY = YES;
				GCC_C_LANGUAGE_STANDARD = gnu11;
				GCC_DYNAMIC_NO_PIC = NO;
				GCC_NO_COMMON_BLOCKS = YES;
				GCC_OPTIMIZATION_LEVEL = 0;
				GCC_PREPROCESSOR_DEFINITIONS = (
					"DEBUG=1",
					"$(inherited)",
				);
				GCC_WARN_64_TO_32_BIT_CONVERSION = YES;
				GCC_WARN_ABOUT_RETURN_TYPE = YES_ERROR;
				GCC_WARN_UNDECLARED_SELECTOR = YES;
				GCC_WARN_UNINITIALIZED_AUTOS = YES_AGGRESSIVE;
				GCC_WARN_UNUSED_FUNCTION = YES;
				GCC_WARN_UNUSED_VARIABLE = YES;
				IPHONEOS_DEPLOYMENT_TARGET = 16.2;
				MTL_ENABLE_DEBUG_INFO = INCLUDE_SOURCE;
				MTL_FAST_MATH = YES;
				ONLY_ACTIVE_ARCH = YES;
				SDKROOT = iphoneos;
				SWIFT_ACTIVE_COMPILATION_CONDITIONS = DEBUG;
				SWIFT_OPTIMIZATION_LEVEL = "-Onone";
			};
			name = Debug;
		};
		7EE2DDE129F913090008F154 /* Release */ = {
			isa = XCBuildConfiguration;
			buildSettings = {
				ALWAYS_SEARCH_USER_PATHS = NO;
				CLANG_ANALYZER_NONNULL = YES;
				CLANG_ANALYZER_NUMBER_OBJECT_CONVERSION = YES_AGGRESSIVE;
				CLANG_CXX_LANGUAGE_STANDARD = "gnu++20";
				CLANG_ENABLE_MODULES = YES;
				CLANG_ENABLE_OBJC_ARC = YES;
				CLANG_ENABLE_OBJC_WEAK = YES;
				CLANG_WARN_BLOCK_CAPTURE_AUTORELEASING = YES;
				CLANG_WARN_BOOL_CONVERSION = YES;
				CLANG_WARN_COMMA = YES;
				CLANG_WARN_CONSTANT_CONVERSION = YES;
				CLANG_WARN_DEPRECATED_OBJC_IMPLEMENTATIONS = YES;
				CLANG_WARN_DIRECT_OBJC_ISA_USAGE = YES_ERROR;
				CLANG_WARN_DOCUMENTATION_COMMENTS = YES;
				CLANG_WARN_EMPTY_BODY = YES;
				CLANG_WARN_ENUM_CONVERSION = YES;
				CLANG_WARN_INFINITE_RECURSION = YES;
				CLANG_WARN_INT_CONVERSION = YES;
				CLANG_WARN_NON_LITERAL_NULL_CONVERSION = YES;
				CLANG_WARN_OBJC_IMPLICIT_RETAIN_SELF = YES;
				CLANG_WARN_OBJC_LITERAL_CONVERSION = YES;
				CLANG_WARN_OBJC_ROOT_CLASS = YES_ERROR;
				CLANG_WARN_QUOTED_INCLUDE_IN_FRAMEWORK_HEADER = YES;
				CLANG_WARN_RANGE_LOOP_ANALYSIS = YES;
				CLANG_WARN_STRICT_PROTOTYPES = YES;
				CLANG_WARN_SUSPICIOUS_MOVE = YES;
				CLANG_WARN_UNGUARDED_AVAILABILITY = YES_AGGRESSIVE;
				CLANG_WARN_UNREACHABLE_CODE = YES;
				CLANG_WARN__DUPLICATE_METHOD_MATCH = YES;
				COPY_PHASE_STRIP = NO;
				DEBUG_INFORMATION_FORMAT = "dwarf-with-dsym";
				ENABLE_NS_ASSERTIONS = NO;
				ENABLE_STRICT_OBJC_MSGSEND = YES;
				GCC_C_LANGUAGE_STANDARD = gnu11;
				GCC_NO_COMMON_BLOCKS = YES;
				GCC_WARN_64_TO_32_BIT_CONVERSION = YES;
				GCC_WARN_ABOUT_RETURN_TYPE = YES_ERROR;
				GCC_WARN_UNDECLARED_SELECTOR = YES;
				GCC_WARN_UNINITIALIZED_AUTOS = YES_AGGRESSIVE;
				GCC_WARN_UNUSED_FUNCTION = YES;
				GCC_WARN_UNUSED_VARIABLE = YES;
				IPHONEOS_DEPLOYMENT_TARGET = 16.2;
				MTL_ENABLE_DEBUG_INFO = NO;
				MTL_FAST_MATH = YES;
				SDKROOT = iphoneos;
				SWIFT_COMPILATION_MODE = wholemodule;
				SWIFT_OPTIMIZATION_LEVEL = "-O";
				VALIDATE_PRODUCT = YES;
			};
			name = Release;
		};
		7EE2DDE329F913090008F154 /* Debug */ = {
			isa = XCBuildConfiguration;
			buildSettings = {
				ASSETCATALOG_COMPILER_APPICON_NAME = AppIcon;
				ASSETCATALOG_COMPILER_GLOBAL_ACCENT_COLOR_NAME = AccentColor;
				CODE_SIGN_STYLE = Automatic;
				CURRENT_PROJECT_VERSION = 1;
				DEVELOPMENT_TEAM = P392AA39N9;
				GENERATE_INFOPLIST_FILE = YES;
				INFOPLIST_FILE = AtlantisPet/Info.plist;
				INFOPLIST_KEY_UIApplicationSupportsIndirectInputEvents = YES;
				INFOPLIST_KEY_UILaunchStoryboardName = LaunchScreen;
				INFOPLIST_KEY_UISupportedInterfaceOrientations_iPad = "UIInterfaceOrientationPortrait UIInterfaceOrientationPortraitUpsideDown UIInterfaceOrientationLandscapeLeft UIInterfaceOrientationLandscapeRight";
				INFOPLIST_KEY_UISupportedInterfaceOrientations_iPhone = "UIInterfaceOrientationPortrait UIInterfaceOrientationLandscapeLeft UIInterfaceOrientationLandscapeRight";
				LD_RUNPATH_SEARCH_PATHS = (
					"$(inherited)",
					"@executable_path/Frameworks",
				);
				MARKETING_VERSION = 1.0;
				PRODUCT_BUNDLE_IDENTIFIER = com.seyhunkocak.AtlantisPet;
				PRODUCT_NAME = "$(TARGET_NAME)";
				SWIFT_EMIT_LOC_STRINGS = YES;
				SWIFT_VERSION = 5.0;
				TARGETED_DEVICE_FAMILY = "1,2";
			};
			name = Debug;
		};
		7EE2DDE429F913090008F154 /* Release */ = {
			isa = XCBuildConfiguration;
			buildSettings = {
				ASSETCATALOG_COMPILER_APPICON_NAME = AppIcon;
				ASSETCATALOG_COMPILER_GLOBAL_ACCENT_COLOR_NAME = AccentColor;
				CODE_SIGN_STYLE = Automatic;
				CURRENT_PROJECT_VERSION = 1;
				DEVELOPMENT_TEAM = P392AA39N9;
				GENERATE_INFOPLIST_FILE = YES;
				INFOPLIST_FILE = AtlantisPet/Info.plist;
				INFOPLIST_KEY_UIApplicationSupportsIndirectInputEvents = YES;
				INFOPLIST_KEY_UILaunchStoryboardName = LaunchScreen;
				INFOPLIST_KEY_UISupportedInterfaceOrientations_iPad = "UIInterfaceOrientationPortrait UIInterfaceOrientationPortraitUpsideDown UIInterfaceOrientationLandscapeLeft UIInterfaceOrientationLandscapeRight";
				INFOPLIST_KEY_UISupportedInterfaceOrientations_iPhone = "UIInterfaceOrientationPortrait UIInterfaceOrientationLandscapeLeft UIInterfaceOrientationLandscapeRight";
				LD_RUNPATH_SEARCH_PATHS = (
					"$(inherited)",
					"@executable_path/Frameworks",
				);
				MARKETING_VERSION = 1.0;
				PRODUCT_BUNDLE_IDENTIFIER = com.seyhunkocak.AtlantisPet;
				PRODUCT_NAME = "$(TARGET_NAME)";
				SWIFT_EMIT_LOC_STRINGS = YES;
				SWIFT_VERSION = 5.0;
				TARGETED_DEVICE_FAMILY = "1,2";
			};
			name = Release;
		};
/* End XCBuildConfiguration section */

/* Begin XCConfigurationList section */
		7EE2DDC629F913070008F154 /* Build configuration list for PBXProject "AtlantisPet" */ = {
			isa = XCConfigurationList;
			buildConfigurations = (
				7EE2DDE029F913090008F154 /* Debug */,
				7EE2DDE129F913090008F154 /* Release */,
			);
			defaultConfigurationIsVisible = 0;
			defaultConfigurationName = Release;
		};
		7EE2DDE229F913090008F154 /* Build configuration list for PBXNativeTarget "AtlantisPet" */ = {
			isa = XCConfigurationList;
			buildConfigurations = (
				7EE2DDE329F913090008F154 /* Debug */,
				7EE2DDE429F913090008F154 /* Release */,
			);
			defaultConfigurationIsVisible = 0;
			defaultConfigurationName = Release;
		};
/* End XCConfigurationList section */

/* Begin XCRemoteSwiftPackageReference section */
		7E4177A92A0103C3008412F8 /* XCRemoteSwiftPackageReference "firebase-ios-sdk" */ = {
			isa = XCRemoteSwiftPackageReference;
			repositoryURL = "https://github.com/firebase/firebase-ios-sdk";
			requirement = {
				kind = upToNextMajorVersion;
				minimumVersion = 9.0.0;
			};
		};
		7EE2DDE529F914970008F154 /* XCRemoteSwiftPackageReference "SnapKit" */ = {
			isa = XCRemoteSwiftPackageReference;
			repositoryURL = "https://github.com/SnapKit/SnapKit.git";
			requirement = {
				kind = upToNextMajorVersion;
				minimumVersion = 5.0.1;
			};
		};
/* End XCRemoteSwiftPackageReference section */

/* Begin XCSwiftPackageProductDependency section */
		7E3ACA0E29FD2433005ACCF5 /* SnapKit */ = {
			isa = XCSwiftPackageProductDependency;
			package = 7EE2DDE529F914970008F154 /* XCRemoteSwiftPackageReference "SnapKit" */;
			productName = SnapKit;
		};
		7E4177AA2A0103C3008412F8 /* FirebaseAnalytics */ = {
			isa = XCSwiftPackageProductDependency;
			package = 7E4177A92A0103C3008412F8 /* XCRemoteSwiftPackageReference "firebase-ios-sdk" */;
			productName = FirebaseAnalytics;
		};
		7E4177AC2A0103C3008412F8 /* FirebaseAuth */ = {
			isa = XCSwiftPackageProductDependency;
			package = 7E4177A92A0103C3008412F8 /* XCRemoteSwiftPackageReference "firebase-ios-sdk" */;
			productName = FirebaseAuth;
		};
		7E4177AE2A0103C3008412F8 /* FirebaseDatabase */ = {
			isa = XCSwiftPackageProductDependency;
			package = 7E4177A92A0103C3008412F8 /* XCRemoteSwiftPackageReference "firebase-ios-sdk" */;
			productName = FirebaseDatabase;
		};
		7E4177B02A0103C3008412F8 /* FirebaseFirestore */ = {
			isa = XCSwiftPackageProductDependency;
			package = 7E4177A92A0103C3008412F8 /* XCRemoteSwiftPackageReference "firebase-ios-sdk" */;
			productName = FirebaseFirestore;
		};
		7E4177B22A0103C3008412F8 /* FirebaseStorage */ = {
			isa = XCSwiftPackageProductDependency;
			package = 7E4177A92A0103C3008412F8 /* XCRemoteSwiftPackageReference "firebase-ios-sdk" */;
			productName = FirebaseStorage;
		};
		7E4177B42A01043C008412F8 /* FirebaseAnalyticsWithoutAdIdSupport */ = {
			isa = XCSwiftPackageProductDependency;
			package = 7E4177A92A0103C3008412F8 /* XCRemoteSwiftPackageReference "firebase-ios-sdk" */;
			productName = FirebaseAnalyticsWithoutAdIdSupport;
		};
/* End XCSwiftPackageProductDependency section */

/* Begin XCVersionGroup section */
		7EE2DDD729F913070008F154 /* AtlantisPet.xcdatamodeld */ = {
			isa = XCVersionGroup;
			children = (
				7EE2DDD829F913070008F154 /* AtlantisPet.xcdatamodel */,
			);
			currentVersion = 7EE2DDD829F913070008F154 /* AtlantisPet.xcdatamodel */;
			path = AtlantisPet.xcdatamodeld;
			sourceTree = "<group>";
			versionGroupType = wrapper.xcdatamodel;
		};
/* End XCVersionGroup section */
	};
	rootObject = 7EE2DDC329F913070008F154 /* Project object */;
}
